// !$*UTF8*$!
{
	archiveVersion = 1;
	classes = {
	};
	objectVersion = 50;
	objects = {

/* Begin PBXBuildFile section */
		C8FBAB632404CFAE00BEC2F2 /* AppDelegate.swift in Sources */ = {isa = PBXBuildFile; fileRef = C8FBAB622404CFAE00BEC2F2 /* AppDelegate.swift */; };
		C8FBAB652404CFAE00BEC2F2 /* SceneDelegate.swift in Sources */ = {isa = PBXBuildFile; fileRef = C8FBAB642404CFAE00BEC2F2 /* SceneDelegate.swift */; };
		C8FBAB672404CFAE00BEC2F2 /* ViewController.swift in Sources */ = {isa = PBXBuildFile; fileRef = C8FBAB662404CFAE00BEC2F2 /* ViewController.swift */; };
		C8FBAB6A2404CFAE00BEC2F2 /* Main.storyboard in Resources */ = {isa = PBXBuildFile; fileRef = C8FBAB682404CFAE00BEC2F2 /* Main.storyboard */; };
		C8FBAB6C2404CFB200BEC2F2 /* Assets.xcassets in Resources */ = {isa = PBXBuildFile; fileRef = C8FBAB6B2404CFB200BEC2F2 /* Assets.xcassets */; };
		C8FBAB6F2404CFB200BEC2F2 /* LaunchScreen.storyboard in Resources */ = {isa = PBXBuildFile; fileRef = C8FBAB6D2404CFB200BEC2F2 /* LaunchScreen.storyboard */; };
/* End PBXBuildFile section */

/* Begin PBXFileReference section */
		C8FBAB5F2404CFAE00BEC2F2 /* RacingGame.app */ = {isa = PBXFileReference; explicitFileType = wrapper.application; includeInIndex = 0; path = RacingGame.app; sourceTree = BUILT_PRODUCTS_DIR; };
		C8FBAB622404CFAE00BEC2F2 /* AppDelegate.swift */ = {isa = PBXFileReference; lastKnownFileType = sourcecode.swift; path = AppDelegate.swift; sourceTree = "<group>"; };
		C8FBAB642404CFAE00BEC2F2 /* SceneDelegate.swift */ = {isa = PBXFileReference; lastKnownFileType = sourcecode.swift; path = SceneDelegate.swift; sourceTree = "<group>"; };
		C8FBAB662404CFAE00BEC2F2 /* ViewController.swift */ = {isa = PBXFileReference; lastKnownFileType = sourcecode.swift; path = ViewController.swift; sourceTree = "<group>"; };
		C8FBAB692404CFAE00BEC2F2 /* Base */ = {isa = PBXFileReference; lastKnownFileType = file.storyboard; name = Base; path = Base.lproj/Main.storyboard; sourceTree = "<group>"; };
		C8FBAB6B2404CFB200BEC2F2 /* Assets.xcassets */ = {isa = PBXFileReference; lastKnownFileType = folder.assetcatalog; path = Assets.xcassets; sourceTree = "<group>"; };
		C8FBAB6E2404CFB200BEC2F2 /* Base */ = {isa = PBXFileReference; lastKnownFileType = file.storyboard; name = Base; path = Base.lproj/LaunchScreen.storyboard; sourceTree = "<group>"; };
		C8FBAB702404CFB200BEC2F2 /* Info.plist */ = {isa = PBXFileReference; lastKnownFileType = text.plist.xml; path = Info.plist; sourceTree = "<group>"; };
/* End PBXFileReference section */

/* Begin PBXFrameworksBuildPhase section */
		C8FBAB5C2404CFAE00BEC2F2 /* Frameworks */ = {
			isa = PBXFrameworksBuildPhase;
			buildActionMask = 2147483647;
			files = (
			);
			runOnlyForDeploymentPostprocessing = 0;
		};
/* End PBXFrameworksBuildPhase section */

/* Begin PBXGroup section */
		C8FBAB562404CFAE00BEC2F2 = {
			isa = PBXGroup;
			children = (
				C8FBAB612404CFAE00BEC2F2 /* RacingGame */,
				C8FBAB602404CFAE00BEC2F2 /* Products */,
			);
			sourceTree = "<group>";
		};
		C8FBAB602404CFAE00BEC2F2 /* Products */ = {
			isa = PBXGroup;
			children = (
				C8FBAB5F2404CFAE00BEC2F2 /* RacingGame.app */,
			);
			name = Products;
			sourceTree = "<group>";
		};
		C8FBAB612404CFAE00BEC2F2 /* RacingGame */ = {
			isa = PBXGroup;
			children = (
				C8FBAB622404CFAE00BEC2F2 /* AppDelegate.swift */,
				C8FBAB642404CFAE00BEC2F2 /* SceneDelegate.swift */,
				C8FBAB662404CFAE00BEC2F2 /* ViewController.swift */,
				C8FBAB682404CFAE00BEC2F2 /* Main.storyboard */,
				C8FBAB6B2404CFB200BEC2F2 /* Assets.xcassets */,
				C8FBAB6D2404CFB200BEC2F2 /* LaunchScreen.storyboard */,
				C8FBAB702404CFB200BEC2F2 /* Info.plist */,
			);
			path = RacingGame;
			sourceTree = "<group>";
		};
/* End PBXGroup section */

/* Begin PBXNativeTarget section */
		C8FBAB5E2404CFAE00BEC2F2 /* RacingGame */ = {
			isa = PBXNativeTarget;
			buildConfigurationList = C8FBAB732404CFB200BEC2F2 /* Build configuration list for PBXNativeTarget "RacingGame" */;
			buildPhases = (
				C8FBAB5B2404CFAE00BEC2F2 /* Sources */,
				C8FBAB5C2404CFAE00BEC2F2 /* Frameworks */,
				C8FBAB5D2404CFAE00BEC2F2 /* Resources */,
			);
			buildRules = (
			);
			dependencies = (
			);
			name = RacingGame;
			productName = RacingGame;
			productReference = C8FBAB5F2404CFAE00BEC2F2 /* RacingGame.app */;
			productType = "com.apple.product-type.application";
		};
/* End PBXNativeTarget section */

/* Begin PBXProject section */
		C8FBAB572404CFAE00BEC2F2 /* Project object */ = {
			isa = PBXProject;
			attributes = {
				LastSwiftUpdateCheck = 1130;
				LastUpgradeCheck = 1130;
				ORGANIZATIONNAME = "Влад Волошенко";
				TargetAttributes = {
					C8FBAB5E2404CFAE00BEC2F2 = {
						CreatedOnToolsVersion = 11.3;
					};
				};
			};
			buildConfigurationList = C8FBAB5A2404CFAE00BEC2F2 /* Build configuration list for PBXProject "RacingGame" */;
			compatibilityVersion = "Xcode 9.3";
			developmentRegion = en;
			hasScannedForEncodings = 0;
			knownRegions = (
				en,
				Base,
			);
			mainGroup = C8FBAB562404CFAE00BEC2F2;
			productRefGroup = C8FBAB602404CFAE00BEC2F2 /* Products */;
			projectDirPath = "";
			projectRoot = "";
			targets = (
				C8FBAB5E2404CFAE00BEC2F2 /* RacingGame */,
			);
		};
/* End PBXProject section */

/* Begin PBXResourcesBuildPhase section */
		C8FBAB5D2404CFAE00BEC2F2 /* Resources */ = {
			isa = PBXResourcesBuildPhase;
			buildActionMask = 2147483647;
			files = (
				C8FBAB6F2404CFB200BEC2F2 /* LaunchScreen.storyboard in Resources */,
				C8FBAB6C2404CFB200BEC2F2 /* Assets.xcassets in Resources */,
				C8FBAB6A2404CFAE00BEC2F2 /* Main.storyboard in Resources */,
			);
			runOnlyForDeploymentPostprocessing = 0;
		};
/* End PBXResourcesBuildPhase section */

/* Begin PBXSourcesBuildPhase section */
		C8FBAB5B2404CFAE00BEC2F2 /* Sources */ = {
			isa = PBXSourcesBuildPhase;
			buildActionMask = 2147483647;
			files = (
				C8FBAB672404CFAE00BEC2F2 /* ViewController.swift in Sources */,
				C8FBAB632404CFAE00BEC2F2 /* AppDelegate.swift in Sources */,
				C8FBAB652404CFAE00BEC2F2 /* SceneDelegate.swift in Sources */,
			);
			runOnlyForDeploymentPostprocessing = 0;
		};
/* End PBXSourcesBuildPhase section */

/* Begin PBXVariantGroup section */
		C8FBAB682404CFAE00BEC2F2 /* Main.storyboard */ = {
			isa = PBXVariantGroup;
			children = (
				C8FBAB692404CFAE00BEC2F2 /* Base */,
			);
			name = Main.storyboard;
			sourceTree = "<group>";
		};
		C8FBAB6D2404CFB200BEC2F2 /* LaunchScreen.storyboard */ = {
			isa = PBXVariantGroup;
			children = (
				C8FBAB6E2404CFB200BEC2F2 /* Base */,
			);
			name = LaunchScreen.storyboard;
			sourceTree = "<group>";
		};
/* End PBXVariantGroup section */

/* Begin XCBuildConfiguration section */
		C8FBAB712404CFB200BEC2F2 /* Debug */ = {
			isa = XCBuildConfiguration;
			buildSettings = {
				ALWAYS_SEARCH_USER_PATHS = NO;
				CLANG_ANALYZER_NONNULL = YES;
				CLANG_ANALYZER_NUMBER_OBJECT_CONVERSION = YES_AGGRESSIVE;
				CLANG_CXX_LANGUAGE_STANDARD = "gnu++14";
				CLANG_CXX_LIBRARY = "libc++";
				CLANG_ENABLE_MODULES = YES;
				CLANG_ENABLE_OBJC_ARC = YES;
				CLANG_ENABLE_OBJC_WEAK = YES;
				CLANG_WARN_BLOCK_CAPTURE_AUTORELEASING = YES;
				CLANG_WARN_BOOL_CONVERSION = YES;
				CLANG_WARN_COMMA = YES;
				CLANG_WARN_CONSTANT_CONVERSION = YES;
				CLANG_WARN_DEPRECATED_OBJC_IMPLEMENTATIONS = YES;
				CLANG_WARN_DIRECT_OBJC_ISA_USAGE = YES_ERROR;
				CLANG_WARN_DOCUMENTATION_COMMENTS = YES;
				CLANG_WARN_EMPTY_BODY = YES;
				CLANG_WARN_ENUM_CONVERSION = YES;
				CLANG_WARN_INFINITE_RECURSION = YES;
				CLANG_WARN_INT_CONVERSION = YES;
				CLANG_WARN_NON_LITERAL_NULL_CONVERSION = YES;
				CLANG_WARN_OBJC_IMPLICIT_RETAIN_SELF = YES;
				CLANG_WARN_OBJC_LITERAL_CONVERSION = YES;
				CLANG_WARN_OBJC_ROOT_CLASS = YES_ERROR;
				CLANG_WARN_RANGE_LOOP_ANALYSIS = YES;
				CLANG_WARN_STRICT_PROTOTYPES = YES;
				CLANG_WARN_SUSPICIOUS_MOVE = YES;
				CLANG_WARN_UNGUARDED_AVAILABILITY = YES_AGGRESSIVE;
				CLANG_WARN_UNREACHABLE_CODE = YES;
				CLANG_WARN__DUPLICATE_METHOD_MATCH = YES;
				COPY_PHASE_STRIP = NO;
				DEBUG_INFORMATION_FORMAT = dwarf;
				ENABLE_STRICT_OBJC_MSGSEND = YES;
				ENABLE_TESTABILITY = YES;
				GCC_C_LANGUAGE_STANDARD = gnu11;
				GCC_DYNAMIC_NO_PIC = NO;
				GCC_NO_COMMON_BLOCKS = YES;
				GCC_OPTIMIZATION_LEVEL = 0;
				GCC_PREPROCESSOR_DEFINITIONS = (
					"DEBUG=1",
					"$(inherited)",
				);
				GCC_WARN_64_TO_32_BIT_CONVERSION = YES;
				GCC_WARN_ABOUT_RETURN_TYPE = YES_ERROR;
				GCC_WARN_UNDECLARED_SELECTOR = YES;
				GCC_WARN_UNINITIALIZED_AUTOS = YES_AGGRESSIVE;
				GCC_WARN_UNUSED_FUNCTION = YES;
				GCC_WARN_UNUSED_VARIABLE = YES;
				IPHONEOS_DEPLOYMENT_TARGET = 13.2;
				MTL_ENABLE_DEBUG_INFO = INCLUDE_SOURCE;
				MTL_FAST_MATH = YES;
				ONLY_ACTIVE_ARCH = YES;
				SDKROOT = iphoneos;
				SWIFT_ACTIVE_COMPILATION_CONDITIONS = DEBUG;
				SWIFT_OPTIMIZATION_LEVEL = "-Onone";
			};
			name = Debug;
		};
		C8FBAB722404CFB200BEC2F2 /* Release */ = {
			isa = XCBuildConfiguration;
			buildSettings = {
				ALWAYS_SEARCH_USER_PATHS = NO;
				CLANG_ANALYZER_NONNULL = YES;
				CLANG_ANALYZER_NUMBER_OBJECT_CONVERSION = YES_AGGRESSIVE;
				CLANG_CXX_LANGUAGE_STANDARD = "gnu++14";
				CLANG_CXX_LIBRARY = "libc++";
				CLANG_ENABLE_MODULES = YES;
				CLANG_ENABLE_OBJC_ARC = YES;
				CLANG_ENABLE_OBJC_WEAK = YES;
				CLANG_WARN_BLOCK_CAPTURE_AUTORELEASING = YES;
				CLANG_WARN_BOOL_CONVERSION = YES;
				CLANG_WARN_COMMA = YES;
				CLANG_WARN_CONSTANT_CONVERSION = YES;
				CLANG_WARN_DEPRECATED_OBJC_IMPLEMENTATIONS = YES;
				CLANG_WARN_DIRECT_OBJC_ISA_USAGE = YES_ERROR;
				CLANG_WARN_DOCUMENTATION_COMMENTS = YES;
				CLANG_WARN_EMPTY_BODY = YES;
				CLANG_WARN_ENUM_CONVERSION = YES;
				CLANG_WARN_INFINITE_RECURSION = YES;
				CLANG_WARN_INT_CONVERSION = YES;
				CLANG_WARN_NON_LITERAL_NULL_CONVERSION = YES;
				CLANG_WARN_OBJC_IMPLICIT_RETAIN_SELF = YES;
				CLANG_WARN_OBJC_LITERAL_CONVERSION = YES;
				CLANG_WARN_OBJC_ROOT_CLASS = YES_ERROR;
				CLANG_WARN_RANGE_LOOP_ANALYSIS = YES;
				CLANG_WARN_STRICT_PROTOTYPES = YES;
				CLANG_WARN_SUSPICIOUS_MOVE = YES;
				CLANG_WARN_UNGUARDED_AVAILABILITY = YES_AGGRESSIVE;
				CLANG_WARN_UNREACHABLE_CODE = YES;
				CLANG_WARN__DUPLICATE_METHOD_MATCH = YES;
				COPY_PHASE_STRIP = NO;
				DEBUG_INFORMATION_FORMAT = "dwarf-with-dsym";
				ENABLE_NS_ASSERTIONS = NO;
				ENABLE_STRICT_OBJC_MSGSEND = YES;
				GCC_C_LANGUAGE_STANDARD = gnu11;
				GCC_NO_COMMON_BLOCKS = YES;
				GCC_WARN_64_TO_32_BIT_CONVERSION = YES;
				GCC_WARN_ABOUT_RETURN_TYPE = YES_ERROR;
				GCC_WARN_UNDECLARED_SELECTOR = YES;
				GCC_WARN_UNINITIALIZED_AUTOS = YES_AGGRESSIVE;
				GCC_WARN_UNUSED_FUNCTION = YES;
				GCC_WARN_UNUSED_VARIABLE = YES;
				IPHONEOS_DEPLOYMENT_TARGET = 13.2;
				MTL_ENABLE_DEBUG_INFO = NO;
				MTL_FAST_MATH = YES;
				SDKROOT = iphoneos;
				SWIFT_COMPILATION_MODE = wholemodule;
				SWIFT_OPTIMIZATION_LEVEL = "-O";
				VALIDATE_PRODUCT = YES;
			};
			name = Release;
		};
		C8FBAB742404CFB200BEC2F2 /* Debug */ = {
			isa = XCBuildConfiguration;
			buildSettings = {
				ASSETCATALOG_COMPILER_APPICON_NAME = AppIcon;
				CODE_SIGN_STYLE = Automatic;
				INFOPLIST_FILE = RacingGame/Info.plist;
				LD_RUNPATH_SEARCH_PATHS = (
					"$(inherited)",
					"@executable_path/Frameworks",
				);
				PRODUCT_BUNDLE_IDENTIFIER = V.V.RacingGame;
				PRODUCT_NAME = "$(TARGET_NAME)";
				SWIFT_VERSION = 5.0;
				TARGETED_DEVICE_FAMILY = "1,2";
			};
			name = Debug;
		};
		C8FBAB752404CFB200BEC2F2 /* Release */ = {
			isa = XCBuildConfiguration;
			buildSettings = {
				ASSETCATALOG_COMPILER_APPICON_NAME = AppIcon;
				CODE_SIGN_STYLE = Automatic;
				INFOPLIST_FILE = RacingGame/Info.plist;
				LD_RUNPATH_SEARCH_PATHS = (
					"$(inherited)",
					"@executable_path/Frameworks",
				);
				PRODUCT_BUNDLE_IDENTIFIER = V.V.RacingGame;
				PRODUCT_NAME = "$(TARGET_NAME)";
				SWIFT_VERSION = 5.0;
				TARGETED_DEVICE_FAMILY = "1,2";
			};
			name = Release;
		};
/* End XCBuildConfiguration section */

/* Begin XCConfigurationList section */
		C8FBAB5A2404CFAE00BEC2F2 /* Build configuration list for PBXProject "RacingGame" */ = {
			isa = XCConfigurationList;
			buildConfigurations = (
				C8FBAB712404CFB200BEC2F2 /* Debug */,
				C8FBAB722404CFB200BEC2F2 /* Release */,
			);
			defaultConfigurationIsVisible = 0;
			defaultConfigurationName = Release;
		};
		C8FBAB732404CFB200BEC2F2 /* Build configuration list for PBXNativeTarget "RacingGame" */ = {
			isa = XCConfigurationList;
			buildConfigurations = (
				C8FBAB742404CFB200BEC2F2 /* Debug */,
				C8FBAB752404CFB200BEC2F2 /* Release */,
			);
			defaultConfigurationIsVisible = 0;
			defaultConfigurationName = Release;
		};
/* End XCConfigurationList section */
	};
	rootObject = C8FBAB572404CFAE00BEC2F2 /* Project object */;
}
